
Microsoft Visual Studio Solution File, Format Version 12.00
# Visual Studio Version 17
VisualStudioVersion = 17.2.32526.322
MinimumVisualStudioVersion = 10.0.40219.1
Project("{FAE04EC0-301F-11D3-BF4B-00C04F79EFBC}") = "CSharp3", "CSharp3\CSharp3.csproj", "{12D4646C-C018-4466-9933-D4003D9493A7}"
EndProject
Global
	GlobalSection(SolutionConfigurationPlatforms) = preSolution
		Debug|Any CPU = Debug|Any CPU
		Release|Any CPU = Release|Any CPU
	EndGlobalSection
	GlobalSection(ProjectConfigurationPlatforms) = postSolution
		{12D4646C-C018-4466-9933-D4003D9493A7}.Debug|Any CPU.ActiveCfg = Debug|Any CPU
		{12D4646C-C018-4466-9933-D4003D9493A7}.Debug|Any CPU.Build.0 = Debug|Any CPU
		{12D4646C-C018-4466-9933-D4003D9493A7}.Release|Any CPU.ActiveCfg = Release|Any CPU
		{12D4646C-C018-4466-9933-D4003D9493A7}.Release|Any CPU.Build.0 = Release|Any CPU
	EndGlobalSection
	GlobalSection(SolutionProperties) = preSolution
		HideSolutionNode = FALSE
	EndGlobalSection
	GlobalSection(ExtensibilityGlobals) = postSolution
		SolutionGuid = {D2203135-E5E1-4D03-9AF0-1F5A92FC2042}
	EndGlobalSection
EndGlobal
